{
  "name": "skos",
  "version": "1.0.0",
  "lockfileVersion": 3,
  "requires": true,
  "packages": {
    "": {
      "name": "skos",
      "version": "1.0.0",
      "license": "MIT",
      "dependencies": {},
      "devDependencies": {
        "eslint": "^9.0.0",
        "jest": "^30.0.0"
      }
    }
  }
}
